
Microsoft Visual Studio Solution File, Format Version 12.00
# Visual Studio Version 17
VisualStudioVersion = 17.0.31903.59
MinimumVisualStudioVersion = 10.0.40219.1
Project("{FAE04EC0-301F-11D3-BF4B-00C04F79EFBC}") = "DesktopDlnaCast.App", "src\DesktopDlnaCast.App\DesktopDlnaCast.App.csproj", "{A1747646-BA01-4A08-9B91-C85D566E57DA}"
EndProject
Project("{FAE04EC0-301F-11D3-BF4B-00C04F79EFBC}") = "DesktopDlnaCast.Core", "src\DesktopDlnaCast.Core\DesktopDlnaCast.Core.csproj", "{037C14F6-6317-4596-90E2-DA8BF49547DD}"
EndProject
Project("{FAE04EC0-301F-11D3-BF4B-00C04F79EFBC}") = "DesktopDlnaCast.Upnp", "src\DesktopDlnaCast.Upnp\DesktopDlnaCast.Upnp.csproj", "{05FF4AD9-0810-4B21-8AC3-57FE6742EB27}"
EndProject
Project("{FAE04EC0-301F-11D3-BF4B-00C04F79EFBC}") = "DesktopDlnaCast.Streaming", "src\DesktopDlnaCast.Streaming\DesktopDlnaCast.Streaming.csproj", "{A48BBC93-6F69-44BF-BFAB-610083F8F064}"
EndProject
Project("{FAE04EC0-301F-11D3-BF4B-00C04F79EFBC}") = "DesktopDlnaCast.Media.Interop", "src\DesktopDlnaCast.Media.Interop\DesktopDlnaCast.Media.Interop.csproj", "{0E6EBB0F-25F4-4131-A0C6-FB211C99665B}"
EndProject
Project("{FAE04EC0-301F-11D3-BF4B-00C04F79EFBC}") = "DesktopDlnaCast.Core.Tests", "tests\DesktopDlnaCast.Core.Tests\DesktopDlnaCast.Core.Tests.csproj", "{B2D05279-F1E2-486A-8208-E55FC0B0E7F4}"
EndProject
Project("{FAE04EC0-301F-11D3-BF4B-00C04F79EFBC}") = "DesktopDlnaCast.Upnp.Tests", "tests\DesktopDlnaCast.Upnp.Tests\DesktopDlnaCast.Upnp.Tests.csproj", "{340B624F-0723-4593-B1A3-31CA458B1F87}"
EndProject
Project("{FAE04EC0-301F-11D3-BF4B-00C04F79EFBC}") = "DesktopDlnaCast.Streaming.Tests", "tests\DesktopDlnaCast.Streaming.Tests\DesktopDlnaCast.Streaming.Tests.csproj", "{FD732A22-190D-43AC-965F-FB360E61B471}"
EndProject
Project("{FAE04EC0-301F-11D3-BF4B-00C04F79EFBC}") = "DesktopDlnaCast.IntegrationTests", "tests\DesktopDlnaCast.IntegrationTests\DesktopDlnaCast.IntegrationTests.csproj", "{65984F13-B840-4545-915B-E1D10D1B5084}"
EndProject
Project("{FAE04EC0-301F-11D3-BF4B-00C04F79EFBC}") = "DesktopDlnaCast.MockRenderer", "tools\MockRenderer\DesktopDlnaCast.MockRenderer.csproj", "{E3D357B9-D947-427D-8DC2-D8721837B818}"
EndProject
Project("{2150E333-8FDC-42A3-9474-1A3956D46DE8}") = "tests", "tests", "{0AB3BF05-4346-4AA6-1389-037BE0695223}"
EndProject
Project("{FAE04EC0-301F-11D3-BF4B-00C04F79EFBC}") = "DesktopDlnaCast.Media.Interop.Tests", "tests\DesktopDlnaCast.Media.Interop.Tests\DesktopDlnaCast.Media.Interop.Tests.csproj", "{CAF54EFB-98FC-4742-9322-F069A17F9153}"
EndProject
Project("{2150E333-8FDC-42A3-9474-1A3956D46DE8}") = "src", "src", "{827E0CD3-B72D-47B6-A68D-7590B98EB39B}"
EndProject
Project("{2150E333-8FDC-42A3-9474-1A3956D46DE8}") = "tools", "tools", "{07C2787E-EAC7-C090-1BA3-A61EC2A24D84}"
EndProject
Project("{2150E333-8FDC-42A3-9474-1A3956D46DE8}") = "StreamProbe", "StreamProbe", "{C6B60E9B-181A-E716-0257-1BB5A0D46B20}"
EndProject
Project("{FAE04EC0-301F-11D3-BF4B-00C04F79EFBC}") = "DesktopDlnaCast.StreamProbe", "tools\StreamProbe\DesktopDlnaCast.StreamProbe.csproj", "{E57BF24B-2D7F-4601-A381-862F40B8E484}"
EndProject
Project("{FAE04EC0-301F-11D3-BF4B-00C04F79EFBC}") = "DesktopDlnaCast.NativeCaptureProbe", "tools\NativeCaptureProbe\DesktopDlnaCast.NativeCaptureProbe.csproj", "{4E7C6F7B-58D0-4EA3-9D4B-620859579F10}"
EndProject
Project("{FAE04EC0-301F-11D3-BF4B-00C04F79EFBC}") = "DesktopDlnaCast.NativeCastProbe", "tools\NativeCastProbe\DesktopDlnaCast.NativeCastProbe.csproj", "{B98C9B18-C79F-4F64-B763-3E7F08E2722A}"
EndProject
Global
	GlobalSection(SolutionConfigurationPlatforms) = preSolution
		Debug|Any CPU = Debug|Any CPU
		Debug|x64 = Debug|x64
		Debug|x86 = Debug|x86
		Release|Any CPU = Release|Any CPU
		Release|x64 = Release|x64
		Release|x86 = Release|x86
	EndGlobalSection
	GlobalSection(ProjectConfigurationPlatforms) = postSolution
		{A1747646-BA01-4A08-9B91-C85D566E57DA}.Debug|Any CPU.ActiveCfg = Debug|Any CPU
		{A1747646-BA01-4A08-9B91-C85D566E57DA}.Debug|Any CPU.Build.0 = Debug|Any CPU
		{A1747646-BA01-4A08-9B91-C85D566E57DA}.Debug|x64.ActiveCfg = Debug|Any CPU
		{A1747646-BA01-4A08-9B91-C85D566E57DA}.Debug|x64.Build.0 = Debug|Any CPU
		{A1747646-BA01-4A08-9B91-C85D566E57DA}.Debug|x86.ActiveCfg = Debug|Any CPU
		{A1747646-BA01-4A08-9B91-C85D566E57DA}.Debug|x86.Build.0 = Debug|Any CPU
		{A1747646-BA01-4A08-9B91-C85D566E57DA}.Release|Any CPU.ActiveCfg = Release|Any CPU
		{A1747646-BA01-4A08-9B91-C85D566E57DA}.Release|Any CPU.Build.0 = Release|Any CPU
		{A1747646-BA01-4A08-9B91-C85D566E57DA}.Release|x64.ActiveCfg = Release|Any CPU
		{A1747646-BA01-4A08-9B91-C85D566E57DA}.Release|x64.Build.0 = Release|Any CPU
		{A1747646-BA01-4A08-9B91-C85D566E57DA}.Release|x86.ActiveCfg = Release|Any CPU
		{A1747646-BA01-4A08-9B91-C85D566E57DA}.Release|x86.Build.0 = Release|Any CPU
		{037C14F6-6317-4596-90E2-DA8BF49547DD}.Debug|Any CPU.ActiveCfg = Debug|Any CPU
		{037C14F6-6317-4596-90E2-DA8BF49547DD}.Debug|Any CPU.Build.0 = Debug|Any CPU
		{037C14F6-6317-4596-90E2-DA8BF49547DD}.Debug|x64.ActiveCfg = Debug|Any CPU
		{037C14F6-6317-4596-90E2-DA8BF49547DD}.Debug|x64.Build.0 = Debug|Any CPU
		{037C14F6-6317-4596-90E2-DA8BF49547DD}.Debug|x86.ActiveCfg = Debug|Any CPU
		{037C14F6-6317-4596-90E2-DA8BF49547DD}.Debug|x86.Build.0 = Debug|Any CPU
		{037C14F6-6317-4596-90E2-DA8BF49547DD}.Release|Any CPU.ActiveCfg = Release|Any CPU
		{037C14F6-6317-4596-90E2-DA8BF49547DD}.Release|Any CPU.Build.0 = Release|Any CPU
		{037C14F6-6317-4596-90E2-DA8BF49547DD}.Release|x64.ActiveCfg = Release|Any CPU
		{037C14F6-6317-4596-90E2-DA8BF49547DD}.Release|x64.Build.0 = Release|Any CPU
		{037C14F6-6317-4596-90E2-DA8BF49547DD}.Release|x86.ActiveCfg = Release|Any CPU
		{037C14F6-6317-4596-90E2-DA8BF49547DD}.Release|x86.Build.0 = Release|Any CPU
		{05FF4AD9-0810-4B21-8AC3-57FE6742EB27}.Debug|Any CPU.ActiveCfg = Debug|Any CPU
		{05FF4AD9-0810-4B21-8AC3-57FE6742EB27}.Debug|Any CPU.Build.0 = Debug|Any CPU
		{05FF4AD9-0810-4B21-8AC3-57FE6742EB27}.Debug|x64.ActiveCfg = Debug|Any CPU
		{05FF4AD9-0810-4B21-8AC3-57FE6742EB27}.Debug|x64.Build.0 = Debug|Any CPU
		{05FF4AD9-0810-4B21-8AC3-57FE6742EB27}.Debug|x86.ActiveCfg = Debug|Any CPU
		{05FF4AD9-0810-4B21-8AC3-57FE6742EB27}.Debug|x86.Build.0 = Debug|Any CPU
		{05FF4AD9-0810-4B21-8AC3-57FE6742EB27}.Release|Any CPU.ActiveCfg = Release|Any CPU
		{05FF4AD9-0810-4B21-8AC3-57FE6742EB27}.Release|Any CPU.Build.0 = Release|Any CPU
		{05FF4AD9-0810-4B21-8AC3-57FE6742EB27}.Release|x64.ActiveCfg = Release|Any CPU
		{05FF4AD9-0810-4B21-8AC3-57FE6742EB27}.Release|x64.Build.0 = Release|Any CPU
		{05FF4AD9-0810-4B21-8AC3-57FE6742EB27}.Release|x86.ActiveCfg = Release|Any CPU
		{05FF4AD9-0810-4B21-8AC3-57FE6742EB27}.Release|x86.Build.0 = Release|Any CPU
		{A48BBC93-6F69-44BF-BFAB-610083F8F064}.Debug|Any CPU.ActiveCfg = Debug|Any CPU
		{A48BBC93-6F69-44BF-BFAB-610083F8F064}.Debug|Any CPU.Build.0 = Debug|Any CPU
		{A48BBC93-6F69-44BF-BFAB-610083F8F064}.Debug|x64.ActiveCfg = Debug|Any CPU
		{A48BBC93-6F69-44BF-BFAB-610083F8F064}.Debug|x64.Build.0 = Debug|Any CPU
		{A48BBC93-6F69-44BF-BFAB-610083F8F064}.Debug|x86.ActiveCfg = Debug|Any CPU
		{A48BBC93-6F69-44BF-BFAB-610083F8F064}.Debug|x86.Build.0 = Debug|Any CPU
		{A48BBC93-6F69-44BF-BFAB-610083F8F064}.Release|Any CPU.ActiveCfg = Release|Any CPU
		{A48BBC93-6F69-44BF-BFAB-610083F8F064}.Release|Any CPU.Build.0 = Release|Any CPU
		{A48BBC93-6F69-44BF-BFAB-610083F8F064}.Release|x64.ActiveCfg = Release|Any CPU
		{A48BBC93-6F69-44BF-BFAB-610083F8F064}.Release|x64.Build.0 = Release|Any CPU
		{A48BBC93-6F69-44BF-BFAB-610083F8F064}.Release|x86.ActiveCfg = Release|Any CPU
		{A48BBC93-6F69-44BF-BFAB-610083F8F064}.Release|x86.Build.0 = Release|Any CPU
		{0E6EBB0F-25F4-4131-A0C6-FB211C99665B}.Debug|Any CPU.ActiveCfg = Debug|Any CPU
		{0E6EBB0F-25F4-4131-A0C6-FB211C99665B}.Debug|Any CPU.Build.0 = Debug|Any CPU
		{0E6EBB0F-25F4-4131-A0C6-FB211C99665B}.Debug|x64.ActiveCfg = Debug|Any CPU
		{0E6EBB0F-25F4-4131-A0C6-FB211C99665B}.Debug|x64.Build.0 = Debug|Any CPU
		{0E6EBB0F-25F4-4131-A0C6-FB211C99665B}.Debug|x86.ActiveCfg = Debug|Any CPU
		{0E6EBB0F-25F4-4131-A0C6-FB211C99665B}.Debug|x86.Build.0 = Debug|Any CPU
		{0E6EBB0F-25F4-4131-A0C6-FB211C99665B}.Release|Any CPU.ActiveCfg = Release|Any CPU
		{0E6EBB0F-25F4-4131-A0C6-FB211C99665B}.Release|Any CPU.Build.0 = Release|Any CPU
		{0E6EBB0F-25F4-4131-A0C6-FB211C99665B}.Release|x64.ActiveCfg = Release|Any CPU
		{0E6EBB0F-25F4-4131-A0C6-FB211C99665B}.Release|x64.Build.0 = Release|Any CPU
		{0E6EBB0F-25F4-4131-A0C6-FB211C99665B}.Release|x86.ActiveCfg = Release|Any CPU
		{0E6EBB0F-25F4-4131-A0C6-FB211C99665B}.Release|x86.Build.0 = Release|Any CPU
		{B2D05279-F1E2-486A-8208-E55FC0B0E7F4}.Debug|Any CPU.ActiveCfg = Debug|Any CPU
		{B2D05279-F1E2-486A-8208-E55FC0B0E7F4}.Debug|Any CPU.Build.0 = Debug|Any CPU
		{B2D05279-F1E2-486A-8208-E55FC0B0E7F4}.Debug|x64.ActiveCfg = Debug|Any CPU
		{B2D05279-F1E2-486A-8208-E55FC0B0E7F4}.Debug|x64.Build.0 = Debug|Any CPU
		{B2D05279-F1E2-486A-8208-E55FC0B0E7F4}.Debug|x86.ActiveCfg = Debug|Any CPU
		{B2D05279-F1E2-486A-8208-E55FC0B0E7F4}.Debug|x86.Build.0 = Debug|Any CPU
		{B2D05279-F1E2-486A-8208-E55FC0B0E7F4}.Release|Any CPU.ActiveCfg = Release|Any CPU
		{B2D05279-F1E2-486A-8208-E55FC0B0E7F4}.Release|Any CPU.Build.0 = Release|Any CPU
		{B2D05279-F1E2-486A-8208-E55FC0B0E7F4}.Release|x64.ActiveCfg = Release|Any CPU
		{B2D05279-F1E2-486A-8208-E55FC0B0E7F4}.Release|x64.Build.0 = Release|Any CPU
		{B2D05279-F1E2-486A-8208-E55FC0B0E7F4}.Release|x86.ActiveCfg = Release|Any CPU
		{B2D05279-F1E2-486A-8208-E55FC0B0E7F4}.Release|x86.Build.0 = Release|Any CPU
		{340B624F-0723-4593-B1A3-31CA458B1F87}.Debug|Any CPU.ActiveCfg = Debug|Any CPU
		{340B624F-0723-4593-B1A3-31CA458B1F87}.Debug|Any CPU.Build.0 = Debug|Any CPU
		{340B624F-0723-4593-B1A3-31CA458B1F87}.Debug|x64.ActiveCfg = Debug|Any CPU
		{340B624F-0723-4593-B1A3-31CA458B1F87}.Debug|x64.Build.0 = Debug|Any CPU
		{340B624F-0723-4593-B1A3-31CA458B1F87}.Debug|x86.ActiveCfg = Debug|Any CPU
		{340B624F-0723-4593-B1A3-31CA458B1F87}.Debug|x86.Build.0 = Debug|Any CPU
		{340B624F-0723-4593-B1A3-31CA458B1F87}.Release|Any CPU.ActiveCfg = Release|Any CPU
		{340B624F-0723-4593-B1A3-31CA458B1F87}.Release|Any CPU.Build.0 = Release|Any CPU
		{340B624F-0723-4593-B1A3-31CA458B1F87}.Release|x64.ActiveCfg = Release|Any CPU
		{340B624F-0723-4593-B1A3-31CA458B1F87}.Release|x64.Build.0 = Release|Any CPU
		{340B624F-0723-4593-B1A3-31CA458B1F87}.Release|x86.ActiveCfg = Release|Any CPU
		{340B624F-0723-4593-B1A3-31CA458B1F87}.Release|x86.Build.0 = Release|Any CPU
		{FD732A22-190D-43AC-965F-FB360E61B471}.Debug|Any CPU.ActiveCfg = Debug|Any CPU
		{FD732A22-190D-43AC-965F-FB360E61B471}.Debug|Any CPU.Build.0 = Debug|Any CPU
		{FD732A22-190D-43AC-965F-FB360E61B471}.Debug|x64.ActiveCfg = Debug|Any CPU
		{FD732A22-190D-43AC-965F-FB360E61B471}.Debug|x64.Build.0 = Debug|Any CPU
		{FD732A22-190D-43AC-965F-FB360E61B471}.Debug|x86.ActiveCfg = Debug|Any CPU
		{FD732A22-190D-43AC-965F-FB360E61B471}.Debug|x86.Build.0 = Debug|Any CPU
		{FD732A22-190D-43AC-965F-FB360E61B471}.Release|Any CPU.ActiveCfg = Release|Any CPU
		{FD732A22-190D-43AC-965F-FB360E61B471}.Release|Any CPU.Build.0 = Release|Any CPU
		{FD732A22-190D-43AC-965F-FB360E61B471}.Release|x64.ActiveCfg = Release|Any CPU
		{FD732A22-190D-43AC-965F-FB360E61B471}.Release|x64.Build.0 = Release|Any CPU
		{FD732A22-190D-43AC-965F-FB360E61B471}.Release|x86.ActiveCfg = Release|Any CPU
		{FD732A22-190D-43AC-965F-FB360E61B471}.Release|x86.Build.0 = Release|Any CPU
		{65984F13-B840-4545-915B-E1D10D1B5084}.Debug|Any CPU.ActiveCfg = Debug|Any CPU
		{65984F13-B840-4545-915B-E1D10D1B5084}.Debug|Any CPU.Build.0 = Debug|Any CPU
		{65984F13-B840-4545-915B-E1D10D1B5084}.Debug|x64.ActiveCfg = Debug|Any CPU
		{65984F13-B840-4545-915B-E1D10D1B5084}.Debug|x64.Build.0 = Debug|Any CPU
		{65984F13-B840-4545-915B-E1D10D1B5084}.Debug|x86.ActiveCfg = Debug|Any CPU
		{65984F13-B840-4545-915B-E1D10D1B5084}.Debug|x86.Build.0 = Debug|Any CPU
		{65984F13-B840-4545-915B-E1D10D1B5084}.Release|Any CPU.ActiveCfg = Release|Any CPU
		{65984F13-B840-4545-915B-E1D10D1B5084}.Release|Any CPU.Build.0 = Release|Any CPU
		{65984F13-B840-4545-915B-E1D10D1B5084}.Release|x64.ActiveCfg = Release|Any CPU
		{65984F13-B840-4545-915B-E1D10D1B5084}.Release|x64.Build.0 = Release|Any CPU
		{65984F13-B840-4545-915B-E1D10D1B5084}.Release|x86.ActiveCfg = Release|Any CPU
		{65984F13-B840-4545-915B-E1D10D1B5084}.Release|x86.Build.0 = Release|Any CPU
		{E3D357B9-D947-427D-8DC2-D8721837B818}.Debug|Any CPU.ActiveCfg = Debug|Any CPU
		{E3D357B9-D947-427D-8DC2-D8721837B818}.Debug|Any CPU.Build.0 = Debug|Any CPU
		{E3D357B9-D947-427D-8DC2-D8721837B818}.Debug|x64.ActiveCfg = Debug|Any CPU
		{E3D357B9-D947-427D-8DC2-D8721837B818}.Debug|x64.Build.0 = Debug|Any CPU
		{E3D357B9-D947-427D-8DC2-D8721837B818}.Debug|x86.ActiveCfg = Debug|Any CPU
		{E3D357B9-D947-427D-8DC2-D8721837B818}.Debug|x86.Build.0 = Debug|Any CPU
		{E3D357B9-D947-427D-8DC2-D8721837B818}.Release|Any CPU.ActiveCfg = Release|Any CPU
		{E3D357B9-D947-427D-8DC2-D8721837B818}.Release|Any CPU.Build.0 = Release|Any CPU
		{E3D357B9-D947-427D-8DC2-D8721837B818}.Release|x64.ActiveCfg = Release|Any CPU
		{E3D357B9-D947-427D-8DC2-D8721837B818}.Release|x64.Build.0 = Release|Any CPU
		{E3D357B9-D947-427D-8DC2-D8721837B818}.Release|x86.ActiveCfg = Release|Any CPU
		{E3D357B9-D947-427D-8DC2-D8721837B818}.Release|x86.Build.0 = Release|Any CPU
		{CAF54EFB-98FC-4742-9322-F069A17F9153}.Debug|Any CPU.ActiveCfg = Debug|Any CPU
		{CAF54EFB-98FC-4742-9322-F069A17F9153}.Debug|Any CPU.Build.0 = Debug|Any CPU
		{CAF54EFB-98FC-4742-9322-F069A17F9153}.Debug|x64.ActiveCfg = Debug|Any CPU
		{CAF54EFB-98FC-4742-9322-F069A17F9153}.Debug|x64.Build.0 = Debug|Any CPU
		{CAF54EFB-98FC-4742-9322-F069A17F9153}.Debug|x86.ActiveCfg = Debug|Any CPU
		{CAF54EFB-98FC-4742-9322-F069A17F9153}.Debug|x86.Build.0 = Debug|Any CPU
		{CAF54EFB-98FC-4742-9322-F069A17F9153}.Release|Any CPU.ActiveCfg = Release|Any CPU
		{CAF54EFB-98FC-4742-9322-F069A17F9153}.Release|Any CPU.Build.0 = Release|Any CPU
		{CAF54EFB-98FC-4742-9322-F069A17F9153}.Release|x64.ActiveCfg = Release|Any CPU
		{CAF54EFB-98FC-4742-9322-F069A17F9153}.Release|x64.Build.0 = Release|Any CPU
		{CAF54EFB-98FC-4742-9322-F069A17F9153}.Release|x86.ActiveCfg = Release|Any CPU
		{CAF54EFB-98FC-4742-9322-F069A17F9153}.Release|x86.Build.0 = Release|Any CPU
		{E57BF24B-2D7F-4601-A381-862F40B8E484}.Debug|Any CPU.ActiveCfg = Debug|Any CPU
		{E57BF24B-2D7F-4601-A381-862F40B8E484}.Debug|Any CPU.Build.0 = Debug|Any CPU
		{E57BF24B-2D7F-4601-A381-862F40B8E484}.Debug|x64.ActiveCfg = Debug|Any CPU
		{E57BF24B-2D7F-4601-A381-862F40B8E484}.Debug|x64.Build.0 = Debug|Any CPU
		{E57BF24B-2D7F-4601-A381-862F40B8E484}.Debug|x86.ActiveCfg = Debug|Any CPU
		{E57BF24B-2D7F-4601-A381-862F40B8E484}.Debug|x86.Build.0 = Debug|Any CPU
		{E57BF24B-2D7F-4601-A381-862F40B8E484}.Release|Any CPU.ActiveCfg = Release|Any CPU
		{E57BF24B-2D7F-4601-A381-862F40B8E484}.Release|Any CPU.Build.0 = Release|Any CPU
		{E57BF24B-2D7F-4601-A381-862F40B8E484}.Release|x64.ActiveCfg = Release|Any CPU
		{E57BF24B-2D7F-4601-A381-862F40B8E484}.Release|x64.Build.0 = Release|Any CPU
		{E57BF24B-2D7F-4601-A381-862F40B8E484}.Release|x86.ActiveCfg = Release|Any CPU
		{E57BF24B-2D7F-4601-A381-862F40B8E484}.Release|x86.Build.0 = Release|Any CPU
		{4E7C6F7B-58D0-4EA3-9D4B-620859579F10}.Debug|Any CPU.ActiveCfg = Debug|Any CPU
		{4E7C6F7B-58D0-4EA3-9D4B-620859579F10}.Debug|Any CPU.Build.0 = Debug|Any CPU
		{4E7C6F7B-58D0-4EA3-9D4B-620859579F10}.Debug|x64.ActiveCfg = Debug|Any CPU
		{4E7C6F7B-58D0-4EA3-9D4B-620859579F10}.Debug|x64.Build.0 = Debug|Any CPU
		{4E7C6F7B-58D0-4EA3-9D4B-620859579F10}.Debug|x86.ActiveCfg = Debug|Any CPU
		{4E7C6F7B-58D0-4EA3-9D4B-620859579F10}.Debug|x86.Build.0 = Debug|Any CPU
		{4E7C6F7B-58D0-4EA3-9D4B-620859579F10}.Release|Any CPU.ActiveCfg = Release|Any CPU
		{4E7C6F7B-58D0-4EA3-9D4B-620859579F10}.Release|Any CPU.Build.0 = Release|Any CPU
		{4E7C6F7B-58D0-4EA3-9D4B-620859579F10}.Release|x64.ActiveCfg = Release|Any CPU
		{4E7C6F7B-58D0-4EA3-9D4B-620859579F10}.Release|x64.Build.0 = Release|Any CPU
		{4E7C6F7B-58D0-4EA3-9D4B-620859579F10}.Release|x86.ActiveCfg = Release|Any CPU
		{4E7C6F7B-58D0-4EA3-9D4B-620859579F10}.Release|x86.Build.0 = Release|Any CPU
		{B98C9B18-C79F-4F64-B763-3E7F08E2722A}.Debug|Any CPU.ActiveCfg = Debug|Any CPU
		{B98C9B18-C79F-4F64-B763-3E7F08E2722A}.Debug|Any CPU.Build.0 = Debug|Any CPU
		{B98C9B18-C79F-4F64-B763-3E7F08E2722A}.Debug|x64.ActiveCfg = Debug|Any CPU
		{B98C9B18-C79F-4F64-B763-3E7F08E2722A}.Debug|x64.Build.0 = Debug|Any CPU
		{B98C9B18-C79F-4F64-B763-3E7F08E2722A}.Debug|x86.ActiveCfg = Debug|Any CPU
		{B98C9B18-C79F-4F64-B763-3E7F08E2722A}.Debug|x86.Build.0 = Debug|Any CPU
		{B98C9B18-C79F-4F64-B763-3E7F08E2722A}.Release|Any CPU.ActiveCfg = Release|Any CPU
		{B98C9B18-C79F-4F64-B763-3E7F08E2722A}.Release|Any CPU.Build.0 = Release|Any CPU
		{B98C9B18-C79F-4F64-B763-3E7F08E2722A}.Release|x64.ActiveCfg = Release|Any CPU
		{B98C9B18-C79F-4F64-B763-3E7F08E2722A}.Release|x64.Build.0 = Release|Any CPU
		{B98C9B18-C79F-4F64-B763-3E7F08E2722A}.Release|x86.ActiveCfg = Release|Any CPU
		{B98C9B18-C79F-4F64-B763-3E7F08E2722A}.Release|x86.Build.0 = Release|Any CPU
	EndGlobalSection
	GlobalSection(SolutionProperties) = preSolution
		HideSolutionNode = FALSE
	EndGlobalSection
	GlobalSection(NestedProjects) = preSolution
		{CAF54EFB-98FC-4742-9322-F069A17F9153} = {0AB3BF05-4346-4AA6-1389-037BE0695223}
		{C6B60E9B-181A-E716-0257-1BB5A0D46B20} = {07C2787E-EAC7-C090-1BA3-A61EC2A24D84}
		{E57BF24B-2D7F-4601-A381-862F40B8E484} = {C6B60E9B-181A-E716-0257-1BB5A0D46B20}
		{4E7C6F7B-58D0-4EA3-9D4B-620859579F10} = {07C2787E-EAC7-C090-1BA3-A61EC2A24D84}
		{B98C9B18-C79F-4F64-B763-3E7F08E2722A} = {07C2787E-EAC7-C090-1BA3-A61EC2A24D84}
	EndGlobalSection
EndGlobal
